
Microsoft Visual Studio Solution File, Format Version 12.00
# Visual Studio Version 17
VisualStudioVersion = 17.14.36301.6
MinimumVisualStudioVersion = 10.0.40219.1
Project("{FAE04EC0-301F-11D3-BF4B-00C04F79EFBC}") = "LMBES", "LMBES.csproj", "{BBF0886C-BDB4-46C6-9FF7-9F1970D16AA7}"
EndProject
Project("{FAE04EC0-301F-11D3-BF4B-00C04F79EFBC}") = "ModelsUnitTests", "..\ModelsUnitTests\ModelsUnitTests.csproj", "{164844CD-806A-46F6-884F-6791BA29AD74}"
EndProject
Project("{FAE04EC0-301F-11D3-BF4B-00C04F79EFBC}") = "UtilitiesUnitTests", "..\UtilitiesUnitTests\UtilitiesUnitTests.csproj", "{0094DC46-5F2C-41E1-A743-D040A22B0CE1}"
EndProject
Global
	GlobalSection(SolutionConfigurationPlatforms) = preSolution
		Debug|Any CPU = Debug|Any CPU
		Release|Any CPU = Release|Any CPU
	EndGlobalSection
	GlobalSection(ProjectConfigurationPlatforms) = postSolution
		{BBF0886C-BDB4-46C6-9FF7-9F1970D16AA7}.Debug|Any CPU.ActiveCfg = Debug|Any CPU
		{BBF0886C-BDB4-46C6-9FF7-9F1970D16AA7}.Debug|Any CPU.Build.0 = Debug|Any CPU
		{BBF0886C-BDB4-46C6-9FF7-9F1970D16AA7}.Release|Any CPU.ActiveCfg = Release|Any CPU
		{BBF0886C-BDB4-46C6-9FF7-9F1970D16AA7}.Release|Any CPU.Build.0 = Release|Any CPU
		{164844CD-806A-46F6-884F-6791BA29AD74}.Debug|Any CPU.ActiveCfg = Debug|Any CPU
		{164844CD-806A-46F6-884F-6791BA29AD74}.Debug|Any CPU.Build.0 = Debug|Any CPU
		{164844CD-806A-46F6-884F-6791BA29AD74}.Release|Any CPU.ActiveCfg = Release|Any CPU
		{164844CD-806A-46F6-884F-6791BA29AD74}.Release|Any CPU.Build.0 = Release|Any CPU
		{0094DC46-5F2C-41E1-A743-D040A22B0CE1}.Debug|Any CPU.ActiveCfg = Debug|Any CPU
		{0094DC46-5F2C-41E1-A743-D040A22B0CE1}.Debug|Any CPU.Build.0 = Debug|Any CPU
		{0094DC46-5F2C-41E1-A743-D040A22B0CE1}.Release|Any CPU.ActiveCfg = Release|Any CPU
		{0094DC46-5F2C-41E1-A743-D040A22B0CE1}.Release|Any CPU.Build.0 = Release|Any CPU
	EndGlobalSection
	GlobalSection(SolutionProperties) = preSolution
		HideSolutionNode = FALSE
	EndGlobalSection
	GlobalSection(ExtensibilityGlobals) = postSolution
		SolutionGuid = {B050A41A-C089-42DF-A8F7-0B8D1C49A588}
	EndGlobalSection
EndGlobal
